
Microsoft Visual Studio Solution File, Format Version 12.00
# Visual Studio Version 17
VisualStudioVersion = 17.4.33213.308
MinimumVisualStudioVersion = 10.0.40219.1
Project("{FAE04EC0-301F-11D3-BF4B-00C04F79EFBC}") = "01_Intro", "01_Intro\01_Intro.csproj", "{BA8914B2-3A5C-4593-8D1A-240730EAD91E}"
EndProject
Global
	GlobalSection(SolutionConfigurationPlatforms) = preSolution
		Debug|Any CPU = Debug|Any CPU
		Release|Any CPU = Release|Any CPU
	EndGlobalSection
	GlobalSection(ProjectConfigurationPlatforms) = postSolution
		{BA8914B2-3A5C-4593-8D1A-240730EAD91E}.Debug|Any CPU.ActiveCfg = Debug|Any CPU
		{BA8914B2-3A5C-4593-8D1A-240730EAD91E}.Debug|Any CPU.Build.0 = Debug|Any CPU
		{BA8914B2-3A5C-4593-8D1A-240730EAD91E}.Release|Any CPU.ActiveCfg = Release|Any CPU
		{BA8914B2-3A5C-4593-8D1A-240730EAD91E}.Release|Any CPU.Build.0 = Release|Any CPU
	EndGlobalSection
	GlobalSection(SolutionProperties) = preSolution
		HideSolutionNode = FALSE
	EndGlobalSection
	GlobalSection(ExtensibilityGlobals) = postSolution
		SolutionGuid = {A0232874-9A21-4506-85F0-2C18DEAE1953}
	EndGlobalSection
EndGlobal
